
Microsoft Visual Studio Solution File, Format Version 12.00
# Visual Studio Version 17
VisualStudioVersion = 17.0.31903.59
MinimumVisualStudioVersion = 10.0.40219.1
Project("{2150E333-8FDC-42A3-9474-1A3956D46DE8}") = "src", "src", "{1C06C980-2D44-425C-98A4-C111657B511E}"
EndProject
Project("{2150E333-8FDC-42A3-9474-1A3956D46DE8}") = "strategy", "strategy", "{753770A2-11B5-4E8E-92C0-DCF89878BE4B}"
EndProject
Project("{FAE04EC0-301F-11D3-BF4B-00C04F79EFBC}") = "MiniDuckSimulator", "src\strategy\MiniDuckSimulator\MiniDuckSimulator.csproj", "{1AE8E236-1929-4692-A547-F181DDCE4BB6}"
EndProject
Project("{2150E333-8FDC-42A3-9474-1A3956D46DE8}") = "observer", "observer", "{3F3295EF-02EA-49DC-82F3-7D13DF8022C3}"
EndProject
Project("{FAE04EC0-301F-11D3-BF4B-00C04F79EFBC}") = "Weather-o-Rama", "src\observer\Weather-o-Rama\Weather-o-Rama.csproj", "{C1E35A3A-AE1D-4FC2-95D6-962F6C156A6F}"
EndProject
Project("{FAE04EC0-301F-11D3-BF4B-00C04F79EFBC}") = "WeatherORamaObservable", "src\observer\WeatherORamaObservable\WeatherORamaObservable.csproj", "{F3CFBCF7-79AA-4B04-81D9-8506C1F23B81}"
EndProject
Project("{2150E333-8FDC-42A3-9474-1A3956D46DE8}") = "decorator", "decorator", "{2413A903-6030-4671-BC5A-5D3A77913D1C}"
EndProject
Project("{FAE04EC0-301F-11D3-BF4B-00C04F79EFBC}") = "StarBuzzCoffee", "src\decorator\StarBuzzCoffee\StarBuzzCoffee.csproj", "{D1FA2B9A-1B31-42F0-90B1-AA773FC49913}"
EndProject
Project("{2150E333-8FDC-42A3-9474-1A3956D46DE8}") = "factory", "factory", "{06D2DB78-A68C-4F26-BC80-D47D59F9CA5E}"
EndProject
Project("{FAE04EC0-301F-11D3-BF4B-00C04F79EFBC}") = "PizzaStoreSimpleFactory", "src\factory\PizzaStoreSimpleFactory\PizzaStoreSimpleFactory.csproj", "{53FC9D2F-CA74-4027-86F5-85682AF77484}"
EndProject
Project("{FAE04EC0-301F-11D3-BF4B-00C04F79EFBC}") = "PizzaStoreFactoryMethod", "src\factory\PizzaStoreFactoryMethod\PizzaStoreFactoryMethod.csproj", "{63CBBC89-D9BD-496E-89F4-FCF069FFDDB1}"
EndProject
Global
	GlobalSection(SolutionConfigurationPlatforms) = preSolution
		Debug|Any CPU = Debug|Any CPU
		Release|Any CPU = Release|Any CPU
	EndGlobalSection
	GlobalSection(SolutionProperties) = preSolution
		HideSolutionNode = FALSE
	EndGlobalSection
	GlobalSection(ProjectConfigurationPlatforms) = postSolution
		{1AE8E236-1929-4692-A547-F181DDCE4BB6}.Debug|Any CPU.ActiveCfg = Debug|Any CPU
		{1AE8E236-1929-4692-A547-F181DDCE4BB6}.Debug|Any CPU.Build.0 = Debug|Any CPU
		{1AE8E236-1929-4692-A547-F181DDCE4BB6}.Release|Any CPU.ActiveCfg = Release|Any CPU
		{1AE8E236-1929-4692-A547-F181DDCE4BB6}.Release|Any CPU.Build.0 = Release|Any CPU
		{C1E35A3A-AE1D-4FC2-95D6-962F6C156A6F}.Debug|Any CPU.ActiveCfg = Debug|Any CPU
		{C1E35A3A-AE1D-4FC2-95D6-962F6C156A6F}.Debug|Any CPU.Build.0 = Debug|Any CPU
		{C1E35A3A-AE1D-4FC2-95D6-962F6C156A6F}.Release|Any CPU.ActiveCfg = Release|Any CPU
		{C1E35A3A-AE1D-4FC2-95D6-962F6C156A6F}.Release|Any CPU.Build.0 = Release|Any CPU
		{F3CFBCF7-79AA-4B04-81D9-8506C1F23B81}.Debug|Any CPU.ActiveCfg = Debug|Any CPU
		{F3CFBCF7-79AA-4B04-81D9-8506C1F23B81}.Debug|Any CPU.Build.0 = Debug|Any CPU
		{F3CFBCF7-79AA-4B04-81D9-8506C1F23B81}.Release|Any CPU.ActiveCfg = Release|Any CPU
		{F3CFBCF7-79AA-4B04-81D9-8506C1F23B81}.Release|Any CPU.Build.0 = Release|Any CPU
		{D1FA2B9A-1B31-42F0-90B1-AA773FC49913}.Debug|Any CPU.ActiveCfg = Debug|Any CPU
		{D1FA2B9A-1B31-42F0-90B1-AA773FC49913}.Debug|Any CPU.Build.0 = Debug|Any CPU
		{D1FA2B9A-1B31-42F0-90B1-AA773FC49913}.Release|Any CPU.ActiveCfg = Release|Any CPU
		{D1FA2B9A-1B31-42F0-90B1-AA773FC49913}.Release|Any CPU.Build.0 = Release|Any CPU
		{53FC9D2F-CA74-4027-86F5-85682AF77484}.Debug|Any CPU.ActiveCfg = Debug|Any CPU
		{53FC9D2F-CA74-4027-86F5-85682AF77484}.Debug|Any CPU.Build.0 = Debug|Any CPU
		{53FC9D2F-CA74-4027-86F5-85682AF77484}.Release|Any CPU.ActiveCfg = Release|Any CPU
		{53FC9D2F-CA74-4027-86F5-85682AF77484}.Release|Any CPU.Build.0 = Release|Any CPU
		{63CBBC89-D9BD-496E-89F4-FCF069FFDDB1}.Debug|Any CPU.ActiveCfg = Debug|Any CPU
		{63CBBC89-D9BD-496E-89F4-FCF069FFDDB1}.Debug|Any CPU.Build.0 = Debug|Any CPU
		{63CBBC89-D9BD-496E-89F4-FCF069FFDDB1}.Release|Any CPU.ActiveCfg = Release|Any CPU
		{63CBBC89-D9BD-496E-89F4-FCF069FFDDB1}.Release|Any CPU.Build.0 = Release|Any CPU
	EndGlobalSection
	GlobalSection(NestedProjects) = preSolution
		{753770A2-11B5-4E8E-92C0-DCF89878BE4B} = {1C06C980-2D44-425C-98A4-C111657B511E}
		{1AE8E236-1929-4692-A547-F181DDCE4BB6} = {753770A2-11B5-4E8E-92C0-DCF89878BE4B}
		{3F3295EF-02EA-49DC-82F3-7D13DF8022C3} = {1C06C980-2D44-425C-98A4-C111657B511E}
		{C1E35A3A-AE1D-4FC2-95D6-962F6C156A6F} = {3F3295EF-02EA-49DC-82F3-7D13DF8022C3}
		{F3CFBCF7-79AA-4B04-81D9-8506C1F23B81} = {3F3295EF-02EA-49DC-82F3-7D13DF8022C3}
		{2413A903-6030-4671-BC5A-5D3A77913D1C} = {1C06C980-2D44-425C-98A4-C111657B511E}
		{D1FA2B9A-1B31-42F0-90B1-AA773FC49913} = {2413A903-6030-4671-BC5A-5D3A77913D1C}
		{06D2DB78-A68C-4F26-BC80-D47D59F9CA5E} = {1C06C980-2D44-425C-98A4-C111657B511E}
		{53FC9D2F-CA74-4027-86F5-85682AF77484} = {06D2DB78-A68C-4F26-BC80-D47D59F9CA5E}
		{63CBBC89-D9BD-496E-89F4-FCF069FFDDB1} = {06D2DB78-A68C-4F26-BC80-D47D59F9CA5E}
	EndGlobalSection
EndGlobal
